
Microsoft Visual Studio Solution File, Format Version 12.00
# Visual Studio Version 16
VisualStudioVersion = 16.0.31605.320
MinimumVisualStudioVersion = 10.0.40219.1
Project("{FAE04EC0-301F-11D3-BF4B-00C04F79EFBC}") = "Class And Object", "Class And Object\Class And Object.csproj", "{77560015-A57B-4882-A06E-B9CAA6173C7C}"
EndProject
Global
	GlobalSection(SolutionConfigurationPlatforms) = preSolution
		Debug|Any CPU = Debug|Any CPU
		Release|Any CPU = Release|Any CPU
	EndGlobalSection
	GlobalSection(ProjectConfigurationPlatforms) = postSolution
		{77560015-A57B-4882-A06E-B9CAA6173C7C}.Debug|Any CPU.ActiveCfg = Debug|Any CPU
		{77560015-A57B-4882-A06E-B9CAA6173C7C}.Debug|Any CPU.Build.0 = Debug|Any CPU
		{77560015-A57B-4882-A06E-B9CAA6173C7C}.Release|Any CPU.ActiveCfg = Release|Any CPU
		{77560015-A57B-4882-A06E-B9CAA6173C7C}.Release|Any CPU.Build.0 = Release|Any CPU
	EndGlobalSection
	GlobalSection(SolutionProperties) = preSolution
		HideSolutionNode = FALSE
	EndGlobalSection
	GlobalSection(ExtensibilityGlobals) = postSolution
		SolutionGuid = {C69C9767-A01E-4E4D-9655-0EDE7FE0E611}
	EndGlobalSection
EndGlobal
